
Microsoft Visual Studio Solution File, Format Version 12.00
# Visual Studio Version 16
VisualStudioVersion = 16.0.30611.23
MinimumVisualStudioVersion = 10.0.40219.1
Project("{FAE04EC0-301F-11D3-BF4B-00C04F79EFBC}") = "WebApi", "WebApi.csproj", "{110905CF-8B81-449C-9A75-E41BEB2654CD}"
EndProject
Global
	GlobalSection(SolutionConfigurationPlatforms) = preSolution
		Debug|Any CPU = Debug|Any CPU
		Release|Any CPU = Release|Any CPU
	EndGlobalSection
	GlobalSection(ProjectConfigurationPlatforms) = postSolution
		{110905CF-8B81-449C-9A75-E41BEB2654CD}.Debug|Any CPU.ActiveCfg = Debug|Any CPU
		{110905CF-8B81-449C-9A75-E41BEB2654CD}.Debug|Any CPU.Build.0 = Debug|Any CPU
		{110905CF-8B81-449C-9A75-E41BEB2654CD}.Release|Any CPU.ActiveCfg = Release|Any CPU
		{110905CF-8B81-449C-9A75-E41BEB2654CD}.Release|Any CPU.Build.0 = Release|Any CPU
	EndGlobalSection
	GlobalSection(SolutionProperties) = preSolution
		HideSolutionNode = FALSE
	EndGlobalSection
	GlobalSection(ExtensibilityGlobals) = postSolution
		SolutionGuid = {1DB7DE25-8783-49BF-8631-828CE54CDCA3}
	EndGlobalSection
EndGlobal
